// !$*UTF8*$!
{
	archiveVersion = 1;
	classes = {
	};
	objectVersion = 56;
	objects = {

/* Begin PBXBuildFile section */
		278D036D2A4F134300DA794A /* AppDelegate.swift in Sources */ = {isa = PBXBuildFile; fileRef = 278D036C2A4F134300DA794A /* AppDelegate.swift */; };
		278D036F2A4F134300DA794A /* SceneDelegate.swift in Sources */ = {isa = PBXBuildFile; fileRef = 278D036E2A4F134300DA794A /* SceneDelegate.swift */; };
		278D03742A4F134300DA794A /* Main.storyboard in Resources */ = {isa = PBXBuildFile; fileRef = 278D03722A4F134300DA794A /* Main.storyboard */; };
		278D03762A4F134400DA794A /* Assets.xcassets in Resources */ = {isa = PBXBuildFile; fileRef = 278D03752A4F134400DA794A /* Assets.xcassets */; };
		278D03792A4F134400DA794A /* LaunchScreen.storyboard in Resources */ = {isa = PBXBuildFile; fileRef = 278D03772A4F134400DA794A /* LaunchScreen.storyboard */; };
		278D038D2A4F14D400DA794A /* RealmManager.swift in Sources */ = {isa = PBXBuildFile; fileRef = 278D038C2A4F14D400DA794A /* RealmManager.swift */; };
		278D038F2A4F14DE00DA794A /* ApiManager.swift in Sources */ = {isa = PBXBuildFile; fileRef = 278D038E2A4F14DE00DA794A /* ApiManager.swift */; };
		278D03922A4F151100DA794A /* Constants.swift in Sources */ = {isa = PBXBuildFile; fileRef = 278D03912A4F151100DA794A /* Constants.swift */; };
		278D03952A4F156C00DA794A /* SplashViewController.swift in Sources */ = {isa = PBXBuildFile; fileRef = 278D03942A4F156C00DA794A /* SplashViewController.swift */; };
		278D03982A50946F00DA794A /* Movie.swift in Sources */ = {isa = PBXBuildFile; fileRef = 278D03972A50946F00DA794A /* Movie.swift */; };
		278D039A2A50947B00DA794A /* MusicVideo.swift in Sources */ = {isa = PBXBuildFile; fileRef = 278D03992A50947B00DA794A /* MusicVideo.swift */; };
		278D039C2A509A2000DA794A /* MovieRepository.swift in Sources */ = {isa = PBXBuildFile; fileRef = 278D039B2A509A2000DA794A /* MovieRepository.swift */; };
		278D039E2A509A2A00DA794A /* MusicVideoRepository.swift in Sources */ = {isa = PBXBuildFile; fileRef = 278D039D2A509A2A00DA794A /* MusicVideoRepository.swift */; };
		278D03A02A509EDF00DA794A /* UIView+Extension.swift in Sources */ = {isa = PBXBuildFile; fileRef = 278D039F2A509EDF00DA794A /* UIView+Extension.swift */; };
		278D03A42A509F9B00DA794A /* MainTabBarViewController.swift in Sources */ = {isa = PBXBuildFile; fileRef = 278D03A32A509F9B00DA794A /* MainTabBarViewController.swift */; };
		278D03A82A50A00100DA794A /* MovieViewController.swift in Sources */ = {isa = PBXBuildFile; fileRef = 278D03A72A50A00100DA794A /* MovieViewController.swift */; };
		278D03AC2A50A02200DA794A /* MusicVideoViewController.swift in Sources */ = {isa = PBXBuildFile; fileRef = 278D03AB2A50A02200DA794A /* MusicVideoViewController.swift */; };
		278D03B02A50A14C00DA794A /* MainViewModel.swift in Sources */ = {isa = PBXBuildFile; fileRef = 278D03AF2A50A14C00DA794A /* MainViewModel.swift */; };
		278D03B32A50A4C700DA794A /* BaselineViewController.swift in Sources */ = {isa = PBXBuildFile; fileRef = 278D03B22A50A4C700DA794A /* BaselineViewController.swift */; };
		278D03B52A50A58A00DA794A /* MovieViewModel.swift in Sources */ = {isa = PBXBuildFile; fileRef = 278D03B42A50A58A00DA794A /* MovieViewModel.swift */; };
		278D03B92A50A63700DA794A /* MovieTableViewCell.swift in Sources */ = {isa = PBXBuildFile; fileRef = 278D03B82A50A63700DA794A /* MovieTableViewCell.swift */; };
		41537408D52B31B8E7ECEF80 /* Pods_AstraApplicationExercise.framework in Frameworks */ = {isa = PBXBuildFile; fileRef = 52353E1B1BE60A0D42FA927B /* Pods_AstraApplicationExercise.framework */; };
/* End PBXBuildFile section */

/* Begin PBXFileReference section */
		278D03692A4F134300DA794A /* AstraApplicationExercise.app */ = {isa = PBXFileReference; explicitFileType = wrapper.application; includeInIndex = 0; path = AstraApplicationExercise.app; sourceTree = BUILT_PRODUCTS_DIR; };
		278D036C2A4F134300DA794A /* AppDelegate.swift */ = {isa = PBXFileReference; lastKnownFileType = sourcecode.swift; path = AppDelegate.swift; sourceTree = "<group>"; };
		278D036E2A4F134300DA794A /* SceneDelegate.swift */ = {isa = PBXFileReference; lastKnownFileType = sourcecode.swift; path = SceneDelegate.swift; sourceTree = "<group>"; };
		278D03732A4F134300DA794A /* Base */ = {isa = PBXFileReference; lastKnownFileType = file.storyboard; name = Base; path = Base.lproj/Main.storyboard; sourceTree = "<group>"; };
		278D03752A4F134400DA794A /* Assets.xcassets */ = {isa = PBXFileReference; lastKnownFileType = folder.assetcatalog; path = Assets.xcassets; sourceTree = "<group>"; };
		278D03782A4F134400DA794A /* Base */ = {isa = PBXFileReference; lastKnownFileType = file.storyboard; name = Base; path = Base.lproj/LaunchScreen.storyboard; sourceTree = "<group>"; };
		278D037A2A4F134400DA794A /* Info.plist */ = {isa = PBXFileReference; lastKnownFileType = text.plist.xml; path = Info.plist; sourceTree = "<group>"; };
		278D038C2A4F14D400DA794A /* RealmManager.swift */ = {isa = PBXFileReference; lastKnownFileType = sourcecode.swift; path = RealmManager.swift; sourceTree = "<group>"; };
		278D038E2A4F14DE00DA794A /* ApiManager.swift */ = {isa = PBXFileReference; lastKnownFileType = sourcecode.swift; path = ApiManager.swift; sourceTree = "<group>"; };
		278D03912A4F151100DA794A /* Constants.swift */ = {isa = PBXFileReference; lastKnownFileType = sourcecode.swift; path = Constants.swift; sourceTree = "<group>"; };
		278D03942A4F156C00DA794A /* SplashViewController.swift */ = {isa = PBXFileReference; lastKnownFileType = sourcecode.swift; path = SplashViewController.swift; sourceTree = "<group>"; };
		278D03972A50946F00DA794A /* Movie.swift */ = {isa = PBXFileReference; lastKnownFileType = sourcecode.swift; path = Movie.swift; sourceTree = "<group>"; };
		278D03992A50947B00DA794A /* MusicVideo.swift */ = {isa = PBXFileReference; lastKnownFileType = sourcecode.swift; path = MusicVideo.swift; sourceTree = "<group>"; };
		278D039B2A509A2000DA794A /* MovieRepository.swift */ = {isa = PBXFileReference; lastKnownFileType = sourcecode.swift; path = MovieRepository.swift; sourceTree = "<group>"; };
		278D039D2A509A2A00DA794A /* MusicVideoRepository.swift */ = {isa = PBXFileReference; lastKnownFileType = sourcecode.swift; path = MusicVideoRepository.swift; sourceTree = "<group>"; };
		278D039F2A509EDF00DA794A /* UIView+Extension.swift */ = {isa = PBXFileReference; lastKnownFileType = sourcecode.swift; path = "UIView+Extension.swift"; sourceTree = "<group>"; };
		278D03A32A509F9B00DA794A /* MainTabBarViewController.swift */ = {isa = PBXFileReference; lastKnownFileType = sourcecode.swift; path = MainTabBarViewController.swift; sourceTree = "<group>"; };
		278D03A72A50A00100DA794A /* MovieViewController.swift */ = {isa = PBXFileReference; lastKnownFileType = sourcecode.swift; path = MovieViewController.swift; sourceTree = "<group>"; };
		278D03AB2A50A02200DA794A /* MusicVideoViewController.swift */ = {isa = PBXFileReference; lastKnownFileType = sourcecode.swift; path = MusicVideoViewController.swift; sourceTree = "<group>"; };
		278D03AF2A50A14C00DA794A /* MainViewModel.swift */ = {isa = PBXFileReference; lastKnownFileType = sourcecode.swift; path = MainViewModel.swift; sourceTree = "<group>"; };
		278D03B22A50A4C700DA794A /* BaselineViewController.swift */ = {isa = PBXFileReference; lastKnownFileType = sourcecode.swift; path = BaselineViewController.swift; sourceTree = "<group>"; };
		278D03B42A50A58A00DA794A /* MovieViewModel.swift */ = {isa = PBXFileReference; lastKnownFileType = sourcecode.swift; path = MovieViewModel.swift; sourceTree = "<group>"; };
		278D03B82A50A63700DA794A /* MovieTableViewCell.swift */ = {isa = PBXFileReference; lastKnownFileType = sourcecode.swift; path = MovieTableViewCell.swift; sourceTree = "<group>"; };
		295CCF49385F6C03AF034511 /* Pods-AstraApplicationExercise.debug.xcconfig */ = {isa = PBXFileReference; includeInIndex = 1; lastKnownFileType = text.xcconfig; name = "Pods-AstraApplicationExercise.debug.xcconfig"; path = "Target Support Files/Pods-AstraApplicationExercise/Pods-AstraApplicationExercise.debug.xcconfig"; sourceTree = "<group>"; };
		52353E1B1BE60A0D42FA927B /* Pods_AstraApplicationExercise.framework */ = {isa = PBXFileReference; explicitFileType = wrapper.framework; includeInIndex = 0; path = Pods_AstraApplicationExercise.framework; sourceTree = BUILT_PRODUCTS_DIR; };
		912D1C972CAC12628B76303A /* Pods-AstraApplicationExercise.release.xcconfig */ = {isa = PBXFileReference; includeInIndex = 1; lastKnownFileType = text.xcconfig; name = "Pods-AstraApplicationExercise.release.xcconfig"; path = "Target Support Files/Pods-AstraApplicationExercise/Pods-AstraApplicationExercise.release.xcconfig"; sourceTree = "<group>"; };
/* End PBXFileReference section */

/* Begin PBXFrameworksBuildPhase section */
		278D03662A4F134300DA794A /* Frameworks */ = {
			isa = PBXFrameworksBuildPhase;
			buildActionMask = 2147483647;
			files = (
				41537408D52B31B8E7ECEF80 /* Pods_AstraApplicationExercise.framework in Frameworks */,
			);
			runOnlyForDeploymentPostprocessing = 0;
		};
/* End PBXFrameworksBuildPhase section */

/* Begin PBXGroup section */
		04336FD853440F83F867DD71 /* Frameworks */ = {
			isa = PBXGroup;
			children = (
				52353E1B1BE60A0D42FA927B /* Pods_AstraApplicationExercise.framework */,
			);
			name = Frameworks;
			sourceTree = "<group>";
		};
		278D03602A4F134300DA794A = {
			isa = PBXGroup;
			children = (
				278D036B2A4F134300DA794A /* AstraApplicationExercise */,
				278D036A2A4F134300DA794A /* Products */,
				9F3DA15698BEDD45955F3D24 /* Pods */,
				04336FD853440F83F867DD71 /* Frameworks */,
			);
			sourceTree = "<group>";
		};
		278D036A2A4F134300DA794A /* Products */ = {
			isa = PBXGroup;
			children = (
				278D03692A4F134300DA794A /* AstraApplicationExercise.app */,
			);
			name = Products;
			sourceTree = "<group>";
		};
		278D036B2A4F134300DA794A /* AstraApplicationExercise */ = {
			isa = PBXGroup;
			children = (
				278D03862A4F13C700DA794A /* Storyboard */,
				278D03812A4F139400DA794A /* Resources */,
				278D03842A4F13B200DA794A /* Extensions */,
				278D038B2A4F14B700DA794A /* Constants */,
				278D03902A4F14EF00DA794A /* Realm Repository */,
				278D03832A4F13AB00DA794A /* Managers */,
				278D03962A4F16C700DA794A /* Models */,
				278D03802A4F138D00DA794A /* Modules */,
				278D036C2A4F134300DA794A /* AppDelegate.swift */,
				278D036E2A4F134300DA794A /* SceneDelegate.swift */,
				278D037A2A4F134400DA794A /* Info.plist */,
			);
			path = AstraApplicationExercise;
			sourceTree = "<group>";
		};
		278D03802A4F138D00DA794A /* Modules */ = {
			isa = PBXGroup;
			children = (
				278D03B12A50A48000DA794A /* Baseline */,
				278D038A2A4F148F00DA794A /* Detail Page */,
				278D03A12A509F5B00DA794A /* Main */,
				278D03872A4F147600DA794A /* Movies */,
				278D03892A4F148400DA794A /* Music Video */,
				278D03882A4F147C00DA794A /* Series */,
				278D03852A4F13BD00DA794A /* Splash */,
			);
			path = Modules;
			sourceTree = "<group>";
		};
		278D03812A4F139400DA794A /* Resources */ = {
			isa = PBXGroup;
			children = (
				278D03822A4F139B00DA794A /* Assets */,
			);
			path = Resources;
			sourceTree = "<group>";
		};
		278D03822A4F139B00DA794A /* Assets */ = {
			isa = PBXGroup;
			children = (
				278D03752A4F134400DA794A /* Assets.xcassets */,
			);
			path = Assets;
			sourceTree = "<group>";
		};
		278D03832A4F13AB00DA794A /* Managers */ = {
			isa = PBXGroup;
			children = (
				278D038C2A4F14D400DA794A /* RealmManager.swift */,
				278D038E2A4F14DE00DA794A /* ApiManager.swift */,
			);
			path = Managers;
			sourceTree = "<group>";
		};
		278D03842A4F13B200DA794A /* Extensions */ = {
			isa = PBXGroup;
			children = (
				278D039F2A509EDF00DA794A /* UIView+Extension.swift */,
			);
			path = Extensions;
			sourceTree = "<group>";
		};
		278D03852A4F13BD00DA794A /* Splash */ = {
			isa = PBXGroup;
			children = (
				278D03932A4F155D00DA794A /* Views */,
			);
			path = Splash;
			sourceTree = "<group>";
		};
		278D03862A4F13C700DA794A /* Storyboard */ = {
			isa = PBXGroup;
			children = (
				278D03722A4F134300DA794A /* Main.storyboard */,
				278D03772A4F134400DA794A /* LaunchScreen.storyboard */,
			);
			path = Storyboard;
			sourceTree = "<group>";
		};
		278D03872A4F147600DA794A /* Movies */ = {
			isa = PBXGroup;
			children = (
				278D03A62A509FF600DA794A /* View Models */,
				278D03A52A509FF000DA794A /* Views */,
			);
			path = Movies;
			sourceTree = "<group>";
		};
		278D03882A4F147C00DA794A /* Series */ = {
			isa = PBXGroup;
			children = (
			);
			path = Series;
			sourceTree = "<group>";
		};
		278D03892A4F148400DA794A /* Music Video */ = {
			isa = PBXGroup;
			children = (
				278D03AA2A50A01600DA794A /* View Models */,
				278D03A92A50A01200DA794A /* Views */,
			);
			path = "Music Video";
			sourceTree = "<group>";
		};
		278D038A2A4F148F00DA794A /* Detail Page */ = {
			isa = PBXGroup;
			children = (
			);
			path = "Detail Page";
			sourceTree = "<group>";
		};
		278D038B2A4F14B700DA794A /* Constants */ = {
			isa = PBXGroup;
			children = (
				278D03912A4F151100DA794A /* Constants.swift */,
			);
			path = Constants;
			sourceTree = "<group>";
		};
		278D03902A4F14EF00DA794A /* Realm Repository */ = {
			isa = PBXGroup;
			children = (
				278D039B2A509A2000DA794A /* MovieRepository.swift */,
				278D039D2A509A2A00DA794A /* MusicVideoRepository.swift */,
			);
			path = "Realm Repository";
			sourceTree = "<group>";
		};
		278D03932A4F155D00DA794A /* Views */ = {
			isa = PBXGroup;
			children = (
				278D03942A4F156C00DA794A /* SplashViewController.swift */,
			);
			path = Views;
			sourceTree = "<group>";
		};
		278D03962A4F16C700DA794A /* Models */ = {
			isa = PBXGroup;
			children = (
				278D03972A50946F00DA794A /* Movie.swift */,
				278D03992A50947B00DA794A /* MusicVideo.swift */,
			);
			path = Models;
			sourceTree = "<group>";
		};
		278D03A12A509F5B00DA794A /* Main */ = {
			isa = PBXGroup;
			children = (
				278D03AD2A50A11900DA794A /* View Models */,
				278D03AE2A50A12000DA794A /* Views */,
			);
			path = Main;
			sourceTree = "<group>";
		};
		278D03A52A509FF000DA794A /* Views */ = {
			isa = PBXGroup;
			children = (
				278D03B72A50A62000DA794A /* Controllers */,
				278D03B62A50A61A00DA794A /* Cells */,
			);
			path = Views;
			sourceTree = "<group>";
		};
		278D03A62A509FF600DA794A /* View Models */ = {
			isa = PBXGroup;
			children = (
				278D03B42A50A58A00DA794A /* MovieViewModel.swift */,
			);
			path = "View Models";
			sourceTree = "<group>";
		};
		278D03A92A50A01200DA794A /* Views */ = {
			isa = PBXGroup;
			children = (
				278D03AB2A50A02200DA794A /* MusicVideoViewController.swift */,
			);
			path = Views;
			sourceTree = "<group>";
		};
		278D03AA2A50A01600DA794A /* View Models */ = {
			isa = PBXGroup;
			children = (
			);
			path = "View Models";
			sourceTree = "<group>";
		};
		278D03AD2A50A11900DA794A /* View Models */ = {
			isa = PBXGroup;
			children = (
				278D03AF2A50A14C00DA794A /* MainViewModel.swift */,
			);
			path = "View Models";
			sourceTree = "<group>";
		};
		278D03AE2A50A12000DA794A /* Views */ = {
			isa = PBXGroup;
			children = (
				278D03A32A509F9B00DA794A /* MainTabBarViewController.swift */,
			);
			path = Views;
			sourceTree = "<group>";
		};
		278D03B12A50A48000DA794A /* Baseline */ = {
			isa = PBXGroup;
			children = (
				278D03B22A50A4C700DA794A /* BaselineViewController.swift */,
			);
			path = Baseline;
			sourceTree = "<group>";
		};
		278D03B62A50A61A00DA794A /* Cells */ = {
			isa = PBXGroup;
			children = (
				278D03B82A50A63700DA794A /* MovieTableViewCell.swift */,
			);
			path = Cells;
			sourceTree = "<group>";
		};
		278D03B72A50A62000DA794A /* Controllers */ = {
			isa = PBXGroup;
			children = (
				278D03A72A50A00100DA794A /* MovieViewController.swift */,
			);
			path = Controllers;
			sourceTree = "<group>";
		};
		9F3DA15698BEDD45955F3D24 /* Pods */ = {
			isa = PBXGroup;
			children = (
				295CCF49385F6C03AF034511 /* Pods-AstraApplicationExercise.debug.xcconfig */,
				912D1C972CAC12628B76303A /* Pods-AstraApplicationExercise.release.xcconfig */,
			);
			path = Pods;
			sourceTree = "<group>";
		};
/* End PBXGroup section */

/* Begin PBXNativeTarget section */
		278D03682A4F134300DA794A /* AstraApplicationExercise */ = {
			isa = PBXNativeTarget;
			buildConfigurationList = 278D037D2A4F134400DA794A /* Build configuration list for PBXNativeTarget "AstraApplicationExercise" */;
			buildPhases = (
				86F02B3DF2CEB1C9DCF1C2B5 /* [CP] Check Pods Manifest.lock */,
				278D03652A4F134300DA794A /* Sources */,
				278D03662A4F134300DA794A /* Frameworks */,
				278D03672A4F134300DA794A /* Resources */,
				1BFABE25DE25A854B9A9F339 /* [CP] Embed Pods Frameworks */,
			);
			buildRules = (
			);
			dependencies = (
			);
			name = AstraApplicationExercise;
			productName = AstraApplicationExercise;
			productReference = 278D03692A4F134300DA794A /* AstraApplicationExercise.app */;
			productType = "com.apple.product-type.application";
		};
/* End PBXNativeTarget section */

/* Begin PBXProject section */
		278D03612A4F134300DA794A /* Project object */ = {
			isa = PBXProject;
			attributes = {
				BuildIndependentTargetsInParallel = 1;
				LastSwiftUpdateCheck = 1430;
				LastUpgradeCheck = 1430;
				TargetAttributes = {
					278D03682A4F134300DA794A = {
						CreatedOnToolsVersion = 14.3.1;
					};
				};
			};
			buildConfigurationList = 278D03642A4F134300DA794A /* Build configuration list for PBXProject "AstraApplicationExercise" */;
			compatibilityVersion = "Xcode 14.0";
			developmentRegion = en;
			hasScannedForEncodings = 0;
			knownRegions = (
				en,
				Base,
			);
			mainGroup = 278D03602A4F134300DA794A;
			productRefGroup = 278D036A2A4F134300DA794A /* Products */;
			projectDirPath = "";
			projectRoot = "";
			targets = (
				278D03682A4F134300DA794A /* AstraApplicationExercise */,
			);
		};
/* End PBXProject section */

/* Begin PBXResourcesBuildPhase section */
		278D03672A4F134300DA794A /* Resources */ = {
			isa = PBXResourcesBuildPhase;
			buildActionMask = 2147483647;
			files = (
				278D03792A4F134400DA794A /* LaunchScreen.storyboard in Resources */,
				278D03762A4F134400DA794A /* Assets.xcassets in Resources */,
				278D03742A4F134300DA794A /* Main.storyboard in Resources */,
			);
			runOnlyForDeploymentPostprocessing = 0;
		};
/* End PBXResourcesBuildPhase section */

/* Begin PBXShellScriptBuildPhase section */
		1BFABE25DE25A854B9A9F339 /* [CP] Embed Pods Frameworks */ = {
			isa = PBXShellScriptBuildPhase;
			buildActionMask = 2147483647;
			files = (
			);
			inputFileListPaths = (
				"${PODS_ROOT}/Target Support Files/Pods-AstraApplicationExercise/Pods-AstraApplicationExercise-frameworks-${CONFIGURATION}-input-files.xcfilelist",
			);
			name = "[CP] Embed Pods Frameworks";
			outputFileListPaths = (
				"${PODS_ROOT}/Target Support Files/Pods-AstraApplicationExercise/Pods-AstraApplicationExercise-frameworks-${CONFIGURATION}-output-files.xcfilelist",
			);
			runOnlyForDeploymentPostprocessing = 0;
			shellPath = /bin/sh;
			shellScript = "\"${PODS_ROOT}/Target Support Files/Pods-AstraApplicationExercise/Pods-AstraApplicationExercise-frameworks.sh\"\n";
			showEnvVarsInLog = 0;
		};
		86F02B3DF2CEB1C9DCF1C2B5 /* [CP] Check Pods Manifest.lock */ = {
			isa = PBXShellScriptBuildPhase;
			buildActionMask = 2147483647;
			files = (
			);
			inputFileListPaths = (
			);
			inputPaths = (
				"${PODS_PODFILE_DIR_PATH}/Podfile.lock",
				"${PODS_ROOT}/Manifest.lock",
			);
			name = "[CP] Check Pods Manifest.lock";
			outputFileListPaths = (
			);
			outputPaths = (
				"$(DERIVED_FILE_DIR)/Pods-AstraApplicationExercise-checkManifestLockResult.txt",
			);
			runOnlyForDeploymentPostprocessing = 0;
			shellPath = /bin/sh;
			shellScript = "diff \"${PODS_PODFILE_DIR_PATH}/Podfile.lock\" \"${PODS_ROOT}/Manifest.lock\" > /dev/null\nif [ $? != 0 ] ; then\n    # print error to STDERR\n    echo \"error: The sandbox is not in sync with the Podfile.lock. Run 'pod install' or update your CocoaPods installation.\" >&2\n    exit 1\nfi\n# This output is used by Xcode 'outputs' to avoid re-running this script phase.\necho \"SUCCESS\" > \"${SCRIPT_OUTPUT_FILE_0}\"\n";
			showEnvVarsInLog = 0;
		};
/* End PBXShellScriptBuildPhase section */

/* Begin PBXSourcesBuildPhase section */
		278D03652A4F134300DA794A /* Sources */ = {
			isa = PBXSourcesBuildPhase;
			buildActionMask = 2147483647;
			files = (
				278D03A82A50A00100DA794A /* MovieViewController.swift in Sources */,
				278D03A02A509EDF00DA794A /* UIView+Extension.swift in Sources */,
				278D03B92A50A63700DA794A /* MovieTableViewCell.swift in Sources */,
				278D03982A50946F00DA794A /* Movie.swift in Sources */,
				278D038D2A4F14D400DA794A /* RealmManager.swift in Sources */,
				278D039C2A509A2000DA794A /* MovieRepository.swift in Sources */,
				278D03B02A50A14C00DA794A /* MainViewModel.swift in Sources */,
				278D038F2A4F14DE00DA794A /* ApiManager.swift in Sources */,
				278D039A2A50947B00DA794A /* MusicVideo.swift in Sources */,
				278D036D2A4F134300DA794A /* AppDelegate.swift in Sources */,
				278D03B32A50A4C700DA794A /* BaselineViewController.swift in Sources */,
				278D03AC2A50A02200DA794A /* MusicVideoViewController.swift in Sources */,
				278D036F2A4F134300DA794A /* SceneDelegate.swift in Sources */,
				278D03952A4F156C00DA794A /* SplashViewController.swift in Sources */,
				278D03A42A509F9B00DA794A /* MainTabBarViewController.swift in Sources */,
				278D03922A4F151100DA794A /* Constants.swift in Sources */,
				278D03B52A50A58A00DA794A /* MovieViewModel.swift in Sources */,
				278D039E2A509A2A00DA794A /* MusicVideoRepository.swift in Sources */,
			);
			runOnlyForDeploymentPostprocessing = 0;
		};
/* End PBXSourcesBuildPhase section */

/* Begin PBXVariantGroup section */
		278D03722A4F134300DA794A /* Main.storyboard */ = {
			isa = PBXVariantGroup;
			children = (
				278D03732A4F134300DA794A /* Base */,
			);
			name = Main.storyboard;
			sourceTree = "<group>";
		};
		278D03772A4F134400DA794A /* LaunchScreen.storyboard */ = {
			isa = PBXVariantGroup;
			children = (
				278D03782A4F134400DA794A /* Base */,
			);
			name = LaunchScreen.storyboard;
			sourceTree = "<group>";
		};
/* End PBXVariantGroup section */

/* Begin XCBuildConfiguration section */
		278D037B2A4F134400DA794A /* Debug */ = {
			isa = XCBuildConfiguration;
			buildSettings = {
				ALWAYS_SEARCH_USER_PATHS = NO;
				CLANG_ANALYZER_NONNULL = YES;
				CLANG_ANALYZER_NUMBER_OBJECT_CONVERSION = YES_AGGRESSIVE;
				CLANG_CXX_LANGUAGE_STANDARD = "gnu++20";
				CLANG_ENABLE_MODULES = YES;
				CLANG_ENABLE_OBJC_ARC = YES;
				CLANG_ENABLE_OBJC_WEAK = YES;
				CLANG_WARN_BLOCK_CAPTURE_AUTORELEASING = YES;
				CLANG_WARN_BOOL_CONVERSION = YES;
				CLANG_WARN_COMMA = YES;
				CLANG_WARN_CONSTANT_CONVERSION = YES;
				CLANG_WARN_DEPRECATED_OBJC_IMPLEMENTATIONS = YES;
				CLANG_WARN_DIRECT_OBJC_ISA_USAGE = YES_ERROR;
				CLANG_WARN_DOCUMENTATION_COMMENTS = YES;
				CLANG_WARN_EMPTY_BODY = YES;
				CLANG_WARN_ENUM_CONVERSION = YES;
				CLANG_WARN_INFINITE_RECURSION = YES;
				CLANG_WARN_INT_CONVERSION = YES;
				CLANG_WARN_NON_LITERAL_NULL_CONVERSION = YES;
				CLANG_WARN_OBJC_IMPLICIT_RETAIN_SELF = YES;
				CLANG_WARN_OBJC_LITERAL_CONVERSION = YES;
				CLANG_WARN_OBJC_ROOT_CLASS = YES_ERROR;
				CLANG_WARN_QUOTED_INCLUDE_IN_FRAMEWORK_HEADER = YES;
				CLANG_WARN_RANGE_LOOP_ANALYSIS = YES;
				CLANG_WARN_STRICT_PROTOTYPES = YES;
				CLANG_WARN_SUSPICIOUS_MOVE = YES;
				CLANG_WARN_UNGUARDED_AVAILABILITY = YES_AGGRESSIVE;
				CLANG_WARN_UNREACHABLE_CODE = YES;
				CLANG_WARN__DUPLICATE_METHOD_MATCH = YES;
				COPY_PHASE_STRIP = NO;
				DEBUG_INFORMATION_FORMAT = dwarf;
				ENABLE_STRICT_OBJC_MSGSEND = YES;
				ENABLE_TESTABILITY = YES;
				GCC_C_LANGUAGE_STANDARD = gnu11;
				GCC_DYNAMIC_NO_PIC = NO;
				GCC_NO_COMMON_BLOCKS = YES;
				GCC_OPTIMIZATION_LEVEL = 0;
				GCC_PREPROCESSOR_DEFINITIONS = (
					"DEBUG=1",
					"$(inherited)",
				);
				GCC_WARN_64_TO_32_BIT_CONVERSION = YES;
				GCC_WARN_ABOUT_RETURN_TYPE = YES_ERROR;
				GCC_WARN_UNDECLARED_SELECTOR = YES;
				GCC_WARN_UNINITIALIZED_AUTOS = YES_AGGRESSIVE;
				GCC_WARN_UNUSED_FUNCTION = YES;
				GCC_WARN_UNUSED_VARIABLE = YES;
				IPHONEOS_DEPLOYMENT_TARGET = 16.4;
				MTL_ENABLE_DEBUG_INFO = INCLUDE_SOURCE;
				MTL_FAST_MATH = YES;
				ONLY_ACTIVE_ARCH = YES;
				SDKROOT = iphoneos;
				SWIFT_ACTIVE_COMPILATION_CONDITIONS = DEBUG;
				SWIFT_OPTIMIZATION_LEVEL = "-Onone";
			};
			name = Debug;
		};
		278D037C2A4F134400DA794A /* Release */ = {
			isa = XCBuildConfiguration;
			buildSettings = {
				ALWAYS_SEARCH_USER_PATHS = NO;
				CLANG_ANALYZER_NONNULL = YES;
				CLANG_ANALYZER_NUMBER_OBJECT_CONVERSION = YES_AGGRESSIVE;
				CLANG_CXX_LANGUAGE_STANDARD = "gnu++20";
				CLANG_ENABLE_MODULES = YES;
				CLANG_ENABLE_OBJC_ARC = YES;
				CLANG_ENABLE_OBJC_WEAK = YES;
				CLANG_WARN_BLOCK_CAPTURE_AUTORELEASING = YES;
				CLANG_WARN_BOOL_CONVERSION = YES;
				CLANG_WARN_COMMA = YES;
				CLANG_WARN_CONSTANT_CONVERSION = YES;
				CLANG_WARN_DEPRECATED_OBJC_IMPLEMENTATIONS = YES;
				CLANG_WARN_DIRECT_OBJC_ISA_USAGE = YES_ERROR;
				CLANG_WARN_DOCUMENTATION_COMMENTS = YES;
				CLANG_WARN_EMPTY_BODY = YES;
				CLANG_WARN_ENUM_CONVERSION = YES;
				CLANG_WARN_INFINITE_RECURSION = YES;
				CLANG_WARN_INT_CONVERSION = YES;
				CLANG_WARN_NON_LITERAL_NULL_CONVERSION = YES;
				CLANG_WARN_OBJC_IMPLICIT_RETAIN_SELF = YES;
				CLANG_WARN_OBJC_LITERAL_CONVERSION = YES;
				CLANG_WARN_OBJC_ROOT_CLASS = YES_ERROR;
				CLANG_WARN_QUOTED_INCLUDE_IN_FRAMEWORK_HEADER = YES;
				CLANG_WARN_RANGE_LOOP_ANALYSIS = YES;
				CLANG_WARN_STRICT_PROTOTYPES = YES;
				CLANG_WARN_SUSPICIOUS_MOVE = YES;
				CLANG_WARN_UNGUARDED_AVAILABILITY = YES_AGGRESSIVE;
				CLANG_WARN_UNREACHABLE_CODE = YES;
				CLANG_WARN__DUPLICATE_METHOD_MATCH = YES;
				COPY_PHASE_STRIP = NO;
				DEBUG_INFORMATION_FORMAT = "dwarf-with-dsym";
				ENABLE_NS_ASSERTIONS = NO;
				ENABLE_STRICT_OBJC_MSGSEND = YES;
				GCC_C_LANGUAGE_STANDARD = gnu11;
				GCC_NO_COMMON_BLOCKS = YES;
				GCC_WARN_64_TO_32_BIT_CONVERSION = YES;
				GCC_WARN_ABOUT_RETURN_TYPE = YES_ERROR;
				GCC_WARN_UNDECLARED_SELECTOR = YES;
				GCC_WARN_UNINITIALIZED_AUTOS = YES_AGGRESSIVE;
				GCC_WARN_UNUSED_FUNCTION = YES;
				GCC_WARN_UNUSED_VARIABLE = YES;
				IPHONEOS_DEPLOYMENT_TARGET = 16.4;
				MTL_ENABLE_DEBUG_INFO = NO;
				MTL_FAST_MATH = YES;
				SDKROOT = iphoneos;
				SWIFT_COMPILATION_MODE = wholemodule;
				SWIFT_OPTIMIZATION_LEVEL = "-O";
				VALIDATE_PRODUCT = YES;
			};
			name = Release;
		};
		278D037E2A4F134400DA794A /* Debug */ = {
			isa = XCBuildConfiguration;
			baseConfigurationReference = 295CCF49385F6C03AF034511 /* Pods-AstraApplicationExercise.debug.xcconfig */;
			buildSettings = {
				ASSETCATALOG_COMPILER_APPICON_NAME = AppIcon;
				ASSETCATALOG_COMPILER_GLOBAL_ACCENT_COLOR_NAME = AccentColor;
				CODE_SIGN_STYLE = Automatic;
				CURRENT_PROJECT_VERSION = 1;
				DEVELOPMENT_TEAM = 7MXKN5Z7U5;
				GENERATE_INFOPLIST_FILE = YES;
				INFOPLIST_FILE = AstraApplicationExercise/Info.plist;
				INFOPLIST_KEY_UIApplicationSupportsIndirectInputEvents = YES;
				INFOPLIST_KEY_UILaunchStoryboardName = LaunchScreen;
				INFOPLIST_KEY_UIMainStoryboardFile = Main;
				INFOPLIST_KEY_UISupportedInterfaceOrientations = UIInterfaceOrientationPortrait;
				IPHONEOS_DEPLOYMENT_TARGET = 13.0;
				LD_RUNPATH_SEARCH_PATHS = (
					"$(inherited)",
					"@executable_path/Frameworks",
				);
				MARKETING_VERSION = 1.0;
				PRODUCT_BUNDLE_IDENTIFIER = com.imadcatz.exercise.AstraApplicationExercise;
				PRODUCT_NAME = "$(TARGET_NAME)";
				SUPPORTED_PLATFORMS = "iphoneos iphonesimulator";
				SUPPORTS_MACCATALYST = NO;
				SUPPORTS_MAC_DESIGNED_FOR_IPHONE_IPAD = YES;
				SWIFT_EMIT_LOC_STRINGS = YES;
				SWIFT_VERSION = 5.0;
				TARGETED_DEVICE_FAMILY = 1;
			};
			name = Debug;
		};
		278D037F2A4F134400DA794A /* Release */ = {
			isa = XCBuildConfiguration;
			baseConfigurationReference = 912D1C972CAC12628B76303A /* Pods-AstraApplicationExercise.release.xcconfig */;
			buildSettings = {
				ASSETCATALOG_COMPILER_APPICON_NAME = AppIcon;
				ASSETCATALOG_COMPILER_GLOBAL_ACCENT_COLOR_NAME = AccentColor;
				CODE_SIGN_STYLE = Automatic;
				CURRENT_PROJECT_VERSION = 1;
				DEVELOPMENT_TEAM = 7MXKN5Z7U5;
				GENERATE_INFOPLIST_FILE = YES;
				INFOPLIST_FILE = AstraApplicationExercise/Info.plist;
				INFOPLIST_KEY_UIApplicationSupportsIndirectInputEvents = YES;
				INFOPLIST_KEY_UILaunchStoryboardName = LaunchScreen;
				INFOPLIST_KEY_UIMainStoryboardFile = Main;
				INFOPLIST_KEY_UISupportedInterfaceOrientations = UIInterfaceOrientationPortrait;
				IPHONEOS_DEPLOYMENT_TARGET = 13.0;
				LD_RUNPATH_SEARCH_PATHS = (
					"$(inherited)",
					"@executable_path/Frameworks",
				);
				MARKETING_VERSION = 1.0;
				PRODUCT_BUNDLE_IDENTIFIER = com.imadcatz.exercise.AstraApplicationExercise;
				PRODUCT_NAME = "$(TARGET_NAME)";
				SUPPORTED_PLATFORMS = "iphoneos iphonesimulator";
				SUPPORTS_MACCATALYST = NO;
				SUPPORTS_MAC_DESIGNED_FOR_IPHONE_IPAD = YES;
				SWIFT_EMIT_LOC_STRINGS = YES;
				SWIFT_VERSION = 5.0;
				TARGETED_DEVICE_FAMILY = 1;
			};
			name = Release;
		};
/* End XCBuildConfiguration section */

/* Begin XCConfigurationList section */
		278D03642A4F134300DA794A /* Build configuration list for PBXProject "AstraApplicationExercise" */ = {
			isa = XCConfigurationList;
			buildConfigurations = (
				278D037B2A4F134400DA794A /* Debug */,
				278D037C2A4F134400DA794A /* Release */,
			);
			defaultConfigurationIsVisible = 0;
			defaultConfigurationName = Release;
		};
		278D037D2A4F134400DA794A /* Build configuration list for PBXNativeTarget "AstraApplicationExercise" */ = {
			isa = XCConfigurationList;
			buildConfigurations = (
				278D037E2A4F134400DA794A /* Debug */,
				278D037F2A4F134400DA794A /* Release */,
			);
			defaultConfigurationIsVisible = 0;
			defaultConfigurationName = Release;
		};
/* End XCConfigurationList section */
	};
	rootObject = 278D03612A4F134300DA794A /* Project object */;
}
